
Microsoft Visual Studio Solution File, Format Version 12.00
# Visual Studio Version 17
VisualStudioVersion = 17.7.34031.279
MinimumVisualStudioVersion = 10.0.40219.1
Project("{8BC9CEB8-8B4A-11D0-8D11-00A0C91BC942}") = "OPP1", "OPP1\OPP1.vcxproj", "{81B06DA6-4194-4D35-BD9A-974EC25024A3}"
EndProject
Project("{8BC9CEB8-8B4A-11D0-8D11-00A0C91BC942}") = "Specifieres-Modifires", "Specifieres-Modifires\Specifieres-Modifires.vcxproj", "{C062C90D-DB8F-4B56-A975-A796B7F8A9BA}"
EndProject
Project("{8BC9CEB8-8B4A-11D0-8D11-00A0C91BC942}") = "SettersAndGetters", "SettersAndGetters\SettersAndGetters.vcxproj", "{F3C15D57-33BF-46C8-94FF-AC9506788FCA}"
EndProject
Project("{8BC9CEB8-8B4A-11D0-8D11-00A0C91BC942}") = "SettersAndGetters2", "SettersAndGetters2\SettersAndGetters2.vcxproj", "{02E5652C-A73F-4C93-A66B-492C1A420994}"
EndProject
Project("{8BC9CEB8-8B4A-11D0-8D11-00A0C91BC942}") = "Calculator", "Calculator\Calculator.vcxproj", "{4D6CB3AF-F0F9-4626-A74C-81018A4C81AE}"
EndProject
Project("{8BC9CEB8-8B4A-11D0-8D11-00A0C91BC942}") = "Constructor", "Constructor\Constructor.vcxproj", "{881604A4-5D4B-41B9-804F-4E30F7BD9FD7}"
EndProject
Project("{8BC9CEB8-8B4A-11D0-8D11-00A0C91BC942}") = "CopyConstructor", "CopyConstructor\CopyConstructor.vcxproj", "{0D8E49E4-68EE-41AF-B601-726A7114C7F9}"
EndProject
Project("{8BC9CEB8-8B4A-11D0-8D11-00A0C91BC942}") = "Destructor", "Destructor\Destructor.vcxproj", "{09447B1C-470E-4D5A-B93D-336F64B82D35}"
EndProject
Project("{8BC9CEB8-8B4A-11D0-8D11-00A0C91BC942}") = "StaticMembers", "StaticMembers\StaticMembers.vcxproj", "{DE57A486-D103-450F-9585-D5D4E47223BA}"
EndProject
Project("{8BC9CEB8-8B4A-11D0-8D11-00A0C91BC942}") = "PersonExercise", "PersonExercise\PersonExercise.vcxproj", "{25AF317C-58B5-49CF-A826-9EE36FD5E3C6}"
EndProject
Project("{8BC9CEB8-8B4A-11D0-8D11-00A0C91BC942}") = "EmployeeExercise", "EmployeeExercise\EmployeeExercise.vcxproj", "{EBB1512F-82B7-4A9E-A39A-D1D3DB57ED61}"
EndProject
Project("{8BC9CEB8-8B4A-11D0-8D11-00A0C91BC942}") = "ParameterizedConstructorOfTheBaseClass", "ParameterizedConstructorOfTheBaseClass\ParameterizedConstructorOfTheBaseClass.vcxproj", "{D9392B32-BD9E-4344-9ACD-437E08F5955D}"
EndProject
Project("{8BC9CEB8-8B4A-11D0-8D11-00A0C91BC942}") = "OverrideFunction", "OverrideFunction\OverrideFunction.vcxproj", "{3B5CEC2D-FDD5-479A-8D30-79C6C11F6EA3}"
EndProject
Project("{8BC9CEB8-8B4A-11D0-8D11-00A0C91BC942}") = "DeveloperClassExercise", "DeveloperClassExercise\DeveloperClassExercise.vcxproj", "{5A9A45B5-AA7A-4381-9446-739DB58273E4}"
EndProject
Project("{8BC9CEB8-8B4A-11D0-8D11-00A0C91BC942}") = "ProtectedModifiers", "ProtectedModifiers\ProtectedModifiers.vcxproj", "{CABDDFE4-2BB4-41AB-88E3-749ED69B30DF}"
EndProject
Project("{8BC9CEB8-8B4A-11D0-8D11-00A0C91BC942}") = "InheritanceVisibilityModes", "InheritanceVisibilityModes\InheritanceVisibilityModes.vcxproj", "{F841D11B-8A8B-444B-B3A6-2126D451F613}"
EndProject
Project("{8BC9CEB8-8B4A-11D0-8D11-00A0C91BC942}") = "DownAndUpCasting", "DownAndUpCasting\DownAndUpCasting.vcxproj", "{5A1D452D-0978-4625-AC67-7755FBE58111}"
EndProject
Project("{8BC9CEB8-8B4A-11D0-8D11-00A0C91BC942}") = "VirtualFunction", "VirtualFunction\VirtualFunction.vcxproj", "{2D6CD2FE-AE04-43E0-B152-92CAA8DB204F}"
EndProject
Project("{8BC9CEB8-8B4A-11D0-8D11-00A0C91BC942}") = "AbstractClass", "AbstractClass\AbstractClass.vcxproj", "{DB58F173-F772-46E1-B823-052274AE9FEC}"
EndProject
Project("{8BC9CEB8-8B4A-11D0-8D11-00A0C91BC942}") = "FriendClass", "FriendClass\FriendClass.vcxproj", "{B3026FA5-9FC8-4AB8-BFF4-82C92C7C339C}"
EndProject
Project("{8BC9CEB8-8B4A-11D0-8D11-00A0C91BC942}") = "FriendFunction", "FriendFunction\FriendFunction.vcxproj", "{FC5FB58D-C5F2-45A1-80EE-B5AF82332F67}"
EndProject
Project("{8BC9CEB8-8B4A-11D0-8D11-00A0C91BC942}") = "StructureInsideClass", "StructureInsideClass\StructureInsideClass.vcxproj", "{8276B909-6BA6-4D52-8EE7-77954FB089D1}"
EndProject
Project("{8BC9CEB8-8B4A-11D0-8D11-00A0C91BC942}") = "NestedClasses", "NestedClasses\NestedClasses.vcxproj", "{DD462FD2-24C3-4B50-B9D9-DCC9D54AFD4A}"
EndProject
Project("{8BC9CEB8-8B4A-11D0-8D11-00A0C91BC942}") = "SeperateClassesInLibraries", "SeperateClassesInLibraries\SeperateClassesInLibraries.vcxproj", "{263D9F1C-3064-4132-9E7A-BD40D841789A}"
EndProject
Project("{8BC9CEB8-8B4A-11D0-8D11-00A0C91BC942}") = "ThisPointer", "ThisPointer\ThisPointer.vcxproj", "{694BEEBB-76E7-4A6B-870C-EA02DBDB62F9}"
EndProject
Global
	GlobalSection(SolutionConfigurationPlatforms) = preSolution
		Debug|x64 = Debug|x64
		Debug|x86 = Debug|x86
		Release|x64 = Release|x64
		Release|x86 = Release|x86
	EndGlobalSection
	GlobalSection(ProjectConfigurationPlatforms) = postSolution
		{81B06DA6-4194-4D35-BD9A-974EC25024A3}.Debug|x64.ActiveCfg = Debug|x64
		{81B06DA6-4194-4D35-BD9A-974EC25024A3}.Debug|x64.Build.0 = Debug|x64
		{81B06DA6-4194-4D35-BD9A-974EC25024A3}.Debug|x86.ActiveCfg = Debug|Win32
		{81B06DA6-4194-4D35-BD9A-974EC25024A3}.Debug|x86.Build.0 = Debug|Win32
		{81B06DA6-4194-4D35-BD9A-974EC25024A3}.Release|x64.ActiveCfg = Release|x64
		{81B06DA6-4194-4D35-BD9A-974EC25024A3}.Release|x64.Build.0 = Release|x64
		{81B06DA6-4194-4D35-BD9A-974EC25024A3}.Release|x86.ActiveCfg = Release|Win32
		{81B06DA6-4194-4D35-BD9A-974EC25024A3}.Release|x86.Build.0 = Release|Win32
		{C062C90D-DB8F-4B56-A975-A796B7F8A9BA}.Debug|x64.ActiveCfg = Debug|x64
		{C062C90D-DB8F-4B56-A975-A796B7F8A9BA}.Debug|x64.Build.0 = Debug|x64
		{C062C90D-DB8F-4B56-A975-A796B7F8A9BA}.Debug|x86.ActiveCfg = Debug|Win32
		{C062C90D-DB8F-4B56-A975-A796B7F8A9BA}.Debug|x86.Build.0 = Debug|Win32
		{C062C90D-DB8F-4B56-A975-A796B7F8A9BA}.Release|x64.ActiveCfg = Release|x64
		{C062C90D-DB8F-4B56-A975-A796B7F8A9BA}.Release|x64.Build.0 = Release|x64
		{C062C90D-DB8F-4B56-A975-A796B7F8A9BA}.Release|x86.ActiveCfg = Release|Win32
		{C062C90D-DB8F-4B56-A975-A796B7F8A9BA}.Release|x86.Build.0 = Release|Win32
		{F3C15D57-33BF-46C8-94FF-AC9506788FCA}.Debug|x64.ActiveCfg = Debug|x64
		{F3C15D57-33BF-46C8-94FF-AC9506788FCA}.Debug|x64.Build.0 = Debug|x64
		{F3C15D57-33BF-46C8-94FF-AC9506788FCA}.Debug|x86.ActiveCfg = Debug|Win32
		{F3C15D57-33BF-46C8-94FF-AC9506788FCA}.Debug|x86.Build.0 = Debug|Win32
		{F3C15D57-33BF-46C8-94FF-AC9506788FCA}.Release|x64.ActiveCfg = Release|x64
		{F3C15D57-33BF-46C8-94FF-AC9506788FCA}.Release|x64.Build.0 = Release|x64
		{F3C15D57-33BF-46C8-94FF-AC9506788FCA}.Release|x86.ActiveCfg = Release|Win32
		{F3C15D57-33BF-46C8-94FF-AC9506788FCA}.Release|x86.Build.0 = Release|Win32
		{02E5652C-A73F-4C93-A66B-492C1A420994}.Debug|x64.ActiveCfg = Debug|x64
		{02E5652C-A73F-4C93-A66B-492C1A420994}.Debug|x64.Build.0 = Debug|x64
		{02E5652C-A73F-4C93-A66B-492C1A420994}.Debug|x86.ActiveCfg = Debug|Win32
		{02E5652C-A73F-4C93-A66B-492C1A420994}.Debug|x86.Build.0 = Debug|Win32
		{02E5652C-A73F-4C93-A66B-492C1A420994}.Release|x64.ActiveCfg = Release|x64
		{02E5652C-A73F-4C93-A66B-492C1A420994}.Release|x64.Build.0 = Release|x64
		{02E5652C-A73F-4C93-A66B-492C1A420994}.Release|x86.ActiveCfg = Release|Win32
		{02E5652C-A73F-4C93-A66B-492C1A420994}.Release|x86.Build.0 = Release|Win32
		{4D6CB3AF-F0F9-4626-A74C-81018A4C81AE}.Debug|x64.ActiveCfg = Debug|x64
		{4D6CB3AF-F0F9-4626-A74C-81018A4C81AE}.Debug|x64.Build.0 = Debug|x64
		{4D6CB3AF-F0F9-4626-A74C-81018A4C81AE}.Debug|x86.ActiveCfg = Debug|Win32
		{4D6CB3AF-F0F9-4626-A74C-81018A4C81AE}.Debug|x86.Build.0 = Debug|Win32
		{4D6CB3AF-F0F9-4626-A74C-81018A4C81AE}.Release|x64.ActiveCfg = Release|x64
		{4D6CB3AF-F0F9-4626-A74C-81018A4C81AE}.Release|x64.Build.0 = Release|x64
		{4D6CB3AF-F0F9-4626-A74C-81018A4C81AE}.Release|x86.ActiveCfg = Release|Win32
		{4D6CB3AF-F0F9-4626-A74C-81018A4C81AE}.Release|x86.Build.0 = Release|Win32
		{881604A4-5D4B-41B9-804F-4E30F7BD9FD7}.Debug|x64.ActiveCfg = Debug|x64
		{881604A4-5D4B-41B9-804F-4E30F7BD9FD7}.Debug|x64.Build.0 = Debug|x64
		{881604A4-5D4B-41B9-804F-4E30F7BD9FD7}.Debug|x86.ActiveCfg = Debug|Win32
		{881604A4-5D4B-41B9-804F-4E30F7BD9FD7}.Debug|x86.Build.0 = Debug|Win32
		{881604A4-5D4B-41B9-804F-4E30F7BD9FD7}.Release|x64.ActiveCfg = Release|x64
		{881604A4-5D4B-41B9-804F-4E30F7BD9FD7}.Release|x64.Build.0 = Release|x64
		{881604A4-5D4B-41B9-804F-4E30F7BD9FD7}.Release|x86.ActiveCfg = Release|Win32
		{881604A4-5D4B-41B9-804F-4E30F7BD9FD7}.Release|x86.Build.0 = Release|Win32
		{0D8E49E4-68EE-41AF-B601-726A7114C7F9}.Debug|x64.ActiveCfg = Debug|x64
		{0D8E49E4-68EE-41AF-B601-726A7114C7F9}.Debug|x64.Build.0 = Debug|x64
		{0D8E49E4-68EE-41AF-B601-726A7114C7F9}.Debug|x86.ActiveCfg = Debug|Win32
		{0D8E49E4-68EE-41AF-B601-726A7114C7F9}.Debug|x86.Build.0 = Debug|Win32
		{0D8E49E4-68EE-41AF-B601-726A7114C7F9}.Release|x64.ActiveCfg = Release|x64
		{0D8E49E4-68EE-41AF-B601-726A7114C7F9}.Release|x64.Build.0 = Release|x64
		{0D8E49E4-68EE-41AF-B601-726A7114C7F9}.Release|x86.ActiveCfg = Release|Win32
		{0D8E49E4-68EE-41AF-B601-726A7114C7F9}.Release|x86.Build.0 = Release|Win32
		{09447B1C-470E-4D5A-B93D-336F64B82D35}.Debug|x64.ActiveCfg = Debug|x64
		{09447B1C-470E-4D5A-B93D-336F64B82D35}.Debug|x64.Build.0 = Debug|x64
		{09447B1C-470E-4D5A-B93D-336F64B82D35}.Debug|x86.ActiveCfg = Debug|Win32
		{09447B1C-470E-4D5A-B93D-336F64B82D35}.Debug|x86.Build.0 = Debug|Win32
		{09447B1C-470E-4D5A-B93D-336F64B82D35}.Release|x64.ActiveCfg = Release|x64
		{09447B1C-470E-4D5A-B93D-336F64B82D35}.Release|x64.Build.0 = Release|x64
		{09447B1C-470E-4D5A-B93D-336F64B82D35}.Release|x86.ActiveCfg = Release|Win32
		{09447B1C-470E-4D5A-B93D-336F64B82D35}.Release|x86.Build.0 = Release|Win32
		{DE57A486-D103-450F-9585-D5D4E47223BA}.Debug|x64.ActiveCfg = Debug|x64
		{DE57A486-D103-450F-9585-D5D4E47223BA}.Debug|x64.Build.0 = Debug|x64
		{DE57A486-D103-450F-9585-D5D4E47223BA}.Debug|x86.ActiveCfg = Debug|Win32
		{DE57A486-D103-450F-9585-D5D4E47223BA}.Debug|x86.Build.0 = Debug|Win32
		{DE57A486-D103-450F-9585-D5D4E47223BA}.Release|x64.ActiveCfg = Release|x64
		{DE57A486-D103-450F-9585-D5D4E47223BA}.Release|x64.Build.0 = Release|x64
		{DE57A486-D103-450F-9585-D5D4E47223BA}.Release|x86.ActiveCfg = Release|Win32
		{DE57A486-D103-450F-9585-D5D4E47223BA}.Release|x86.Build.0 = Release|Win32
		{25AF317C-58B5-49CF-A826-9EE36FD5E3C6}.Debug|x64.ActiveCfg = Debug|x64
		{25AF317C-58B5-49CF-A826-9EE36FD5E3C6}.Debug|x64.Build.0 = Debug|x64
		{25AF317C-58B5-49CF-A826-9EE36FD5E3C6}.Debug|x86.ActiveCfg = Debug|Win32
		{25AF317C-58B5-49CF-A826-9EE36FD5E3C6}.Debug|x86.Build.0 = Debug|Win32
		{25AF317C-58B5-49CF-A826-9EE36FD5E3C6}.Release|x64.ActiveCfg = Release|x64
		{25AF317C-58B5-49CF-A826-9EE36FD5E3C6}.Release|x64.Build.0 = Release|x64
		{25AF317C-58B5-49CF-A826-9EE36FD5E3C6}.Release|x86.ActiveCfg = Release|Win32
		{25AF317C-58B5-49CF-A826-9EE36FD5E3C6}.Release|x86.Build.0 = Release|Win32
		{EBB1512F-82B7-4A9E-A39A-D1D3DB57ED61}.Debug|x64.ActiveCfg = Debug|x64
		{EBB1512F-82B7-4A9E-A39A-D1D3DB57ED61}.Debug|x64.Build.0 = Debug|x64
		{EBB1512F-82B7-4A9E-A39A-D1D3DB57ED61}.Debug|x86.ActiveCfg = Debug|Win32
		{EBB1512F-82B7-4A9E-A39A-D1D3DB57ED61}.Debug|x86.Build.0 = Debug|Win32
		{EBB1512F-82B7-4A9E-A39A-D1D3DB57ED61}.Release|x64.ActiveCfg = Release|x64
		{EBB1512F-82B7-4A9E-A39A-D1D3DB57ED61}.Release|x64.Build.0 = Release|x64
		{EBB1512F-82B7-4A9E-A39A-D1D3DB57ED61}.Release|x86.ActiveCfg = Release|Win32
		{EBB1512F-82B7-4A9E-A39A-D1D3DB57ED61}.Release|x86.Build.0 = Release|Win32
		{D9392B32-BD9E-4344-9ACD-437E08F5955D}.Debug|x64.ActiveCfg = Debug|x64
		{D9392B32-BD9E-4344-9ACD-437E08F5955D}.Debug|x64.Build.0 = Debug|x64
		{D9392B32-BD9E-4344-9ACD-437E08F5955D}.Debug|x86.ActiveCfg = Debug|Win32
		{D9392B32-BD9E-4344-9ACD-437E08F5955D}.Debug|x86.Build.0 = Debug|Win32
		{D9392B32-BD9E-4344-9ACD-437E08F5955D}.Release|x64.ActiveCfg = Release|x64
		{D9392B32-BD9E-4344-9ACD-437E08F5955D}.Release|x64.Build.0 = Release|x64
		{D9392B32-BD9E-4344-9ACD-437E08F5955D}.Release|x86.ActiveCfg = Release|Win32
		{D9392B32-BD9E-4344-9ACD-437E08F5955D}.Release|x86.Build.0 = Release|Win32
		{3B5CEC2D-FDD5-479A-8D30-79C6C11F6EA3}.Debug|x64.ActiveCfg = Debug|x64
		{3B5CEC2D-FDD5-479A-8D30-79C6C11F6EA3}.Debug|x64.Build.0 = Debug|x64
		{3B5CEC2D-FDD5-479A-8D30-79C6C11F6EA3}.Debug|x86.ActiveCfg = Debug|Win32
		{3B5CEC2D-FDD5-479A-8D30-79C6C11F6EA3}.Debug|x86.Build.0 = Debug|Win32
		{3B5CEC2D-FDD5-479A-8D30-79C6C11F6EA3}.Release|x64.ActiveCfg = Release|x64
		{3B5CEC2D-FDD5-479A-8D30-79C6C11F6EA3}.Release|x64.Build.0 = Release|x64
		{3B5CEC2D-FDD5-479A-8D30-79C6C11F6EA3}.Release|x86.ActiveCfg = Release|Win32
		{3B5CEC2D-FDD5-479A-8D30-79C6C11F6EA3}.Release|x86.Build.0 = Release|Win32
		{5A9A45B5-AA7A-4381-9446-739DB58273E4}.Debug|x64.ActiveCfg = Debug|x64
		{5A9A45B5-AA7A-4381-9446-739DB58273E4}.Debug|x64.Build.0 = Debug|x64
		{5A9A45B5-AA7A-4381-9446-739DB58273E4}.Debug|x86.ActiveCfg = Debug|Win32
		{5A9A45B5-AA7A-4381-9446-739DB58273E4}.Debug|x86.Build.0 = Debug|Win32
		{5A9A45B5-AA7A-4381-9446-739DB58273E4}.Release|x64.ActiveCfg = Release|x64
		{5A9A45B5-AA7A-4381-9446-739DB58273E4}.Release|x64.Build.0 = Release|x64
		{5A9A45B5-AA7A-4381-9446-739DB58273E4}.Release|x86.ActiveCfg = Release|Win32
		{5A9A45B5-AA7A-4381-9446-739DB58273E4}.Release|x86.Build.0 = Release|Win32
		{CABDDFE4-2BB4-41AB-88E3-749ED69B30DF}.Debug|x64.ActiveCfg = Debug|x64
		{CABDDFE4-2BB4-41AB-88E3-749ED69B30DF}.Debug|x64.Build.0 = Debug|x64
		{CABDDFE4-2BB4-41AB-88E3-749ED69B30DF}.Debug|x86.ActiveCfg = Debug|Win32
		{CABDDFE4-2BB4-41AB-88E3-749ED69B30DF}.Debug|x86.Build.0 = Debug|Win32
		{CABDDFE4-2BB4-41AB-88E3-749ED69B30DF}.Release|x64.ActiveCfg = Release|x64
		{CABDDFE4-2BB4-41AB-88E3-749ED69B30DF}.Release|x64.Build.0 = Release|x64
		{CABDDFE4-2BB4-41AB-88E3-749ED69B30DF}.Release|x86.ActiveCfg = Release|Win32
		{CABDDFE4-2BB4-41AB-88E3-749ED69B30DF}.Release|x86.Build.0 = Release|Win32
		{F841D11B-8A8B-444B-B3A6-2126D451F613}.Debug|x64.ActiveCfg = Debug|x64
		{F841D11B-8A8B-444B-B3A6-2126D451F613}.Debug|x64.Build.0 = Debug|x64
		{F841D11B-8A8B-444B-B3A6-2126D451F613}.Debug|x86.ActiveCfg = Debug|Win32
		{F841D11B-8A8B-444B-B3A6-2126D451F613}.Debug|x86.Build.0 = Debug|Win32
		{F841D11B-8A8B-444B-B3A6-2126D451F613}.Release|x64.ActiveCfg = Release|x64
		{F841D11B-8A8B-444B-B3A6-2126D451F613}.Release|x64.Build.0 = Release|x64
		{F841D11B-8A8B-444B-B3A6-2126D451F613}.Release|x86.ActiveCfg = Release|Win32
		{F841D11B-8A8B-444B-B3A6-2126D451F613}.Release|x86.Build.0 = Release|Win32
		{5A1D452D-0978-4625-AC67-7755FBE58111}.Debug|x64.ActiveCfg = Debug|x64
		{5A1D452D-0978-4625-AC67-7755FBE58111}.Debug|x64.Build.0 = Debug|x64
		{5A1D452D-0978-4625-AC67-7755FBE58111}.Debug|x86.ActiveCfg = Debug|Win32
		{5A1D452D-0978-4625-AC67-7755FBE58111}.Debug|x86.Build.0 = Debug|Win32
		{5A1D452D-0978-4625-AC67-7755FBE58111}.Release|x64.ActiveCfg = Release|x64
		{5A1D452D-0978-4625-AC67-7755FBE58111}.Release|x64.Build.0 = Release|x64
		{5A1D452D-0978-4625-AC67-7755FBE58111}.Release|x86.ActiveCfg = Release|Win32
		{5A1D452D-0978-4625-AC67-7755FBE58111}.Release|x86.Build.0 = Release|Win32
		{2D6CD2FE-AE04-43E0-B152-92CAA8DB204F}.Debug|x64.ActiveCfg = Debug|x64
		{2D6CD2FE-AE04-43E0-B152-92CAA8DB204F}.Debug|x64.Build.0 = Debug|x64
		{2D6CD2FE-AE04-43E0-B152-92CAA8DB204F}.Debug|x86.ActiveCfg = Debug|Win32
		{2D6CD2FE-AE04-43E0-B152-92CAA8DB204F}.Debug|x86.Build.0 = Debug|Win32
		{2D6CD2FE-AE04-43E0-B152-92CAA8DB204F}.Release|x64.ActiveCfg = Release|x64
		{2D6CD2FE-AE04-43E0-B152-92CAA8DB204F}.Release|x64.Build.0 = Release|x64
		{2D6CD2FE-AE04-43E0-B152-92CAA8DB204F}.Release|x86.ActiveCfg = Release|Win32
		{2D6CD2FE-AE04-43E0-B152-92CAA8DB204F}.Release|x86.Build.0 = Release|Win32
		{DB58F173-F772-46E1-B823-052274AE9FEC}.Debug|x64.ActiveCfg = Debug|x64
		{DB58F173-F772-46E1-B823-052274AE9FEC}.Debug|x64.Build.0 = Debug|x64
		{DB58F173-F772-46E1-B823-052274AE9FEC}.Debug|x86.ActiveCfg = Debug|Win32
		{DB58F173-F772-46E1-B823-052274AE9FEC}.Debug|x86.Build.0 = Debug|Win32
		{DB58F173-F772-46E1-B823-052274AE9FEC}.Release|x64.ActiveCfg = Release|x64
		{DB58F173-F772-46E1-B823-052274AE9FEC}.Release|x64.Build.0 = Release|x64
		{DB58F173-F772-46E1-B823-052274AE9FEC}.Release|x86.ActiveCfg = Release|Win32
		{DB58F173-F772-46E1-B823-052274AE9FEC}.Release|x86.Build.0 = Release|Win32
		{B3026FA5-9FC8-4AB8-BFF4-82C92C7C339C}.Debug|x64.ActiveCfg = Debug|x64
		{B3026FA5-9FC8-4AB8-BFF4-82C92C7C339C}.Debug|x64.Build.0 = Debug|x64
		{B3026FA5-9FC8-4AB8-BFF4-82C92C7C339C}.Debug|x86.ActiveCfg = Debug|Win32
		{B3026FA5-9FC8-4AB8-BFF4-82C92C7C339C}.Debug|x86.Build.0 = Debug|Win32
		{B3026FA5-9FC8-4AB8-BFF4-82C92C7C339C}.Release|x64.ActiveCfg = Release|x64
		{B3026FA5-9FC8-4AB8-BFF4-82C92C7C339C}.Release|x64.Build.0 = Release|x64
		{B3026FA5-9FC8-4AB8-BFF4-82C92C7C339C}.Release|x86.ActiveCfg = Release|Win32
		{B3026FA5-9FC8-4AB8-BFF4-82C92C7C339C}.Release|x86.Build.0 = Release|Win32
		{FC5FB58D-C5F2-45A1-80EE-B5AF82332F67}.Debug|x64.ActiveCfg = Debug|x64
		{FC5FB58D-C5F2-45A1-80EE-B5AF82332F67}.Debug|x64.Build.0 = Debug|x64
		{FC5FB58D-C5F2-45A1-80EE-B5AF82332F67}.Debug|x86.ActiveCfg = Debug|Win32
		{FC5FB58D-C5F2-45A1-80EE-B5AF82332F67}.Debug|x86.Build.0 = Debug|Win32
		{FC5FB58D-C5F2-45A1-80EE-B5AF82332F67}.Release|x64.ActiveCfg = Release|x64
		{FC5FB58D-C5F2-45A1-80EE-B5AF82332F67}.Release|x64.Build.0 = Release|x64
		{FC5FB58D-C5F2-45A1-80EE-B5AF82332F67}.Release|x86.ActiveCfg = Release|Win32
		{FC5FB58D-C5F2-45A1-80EE-B5AF82332F67}.Release|x86.Build.0 = Release|Win32
		{8276B909-6BA6-4D52-8EE7-77954FB089D1}.Debug|x64.ActiveCfg = Debug|x64
		{8276B909-6BA6-4D52-8EE7-77954FB089D1}.Debug|x64.Build.0 = Debug|x64
		{8276B909-6BA6-4D52-8EE7-77954FB089D1}.Debug|x86.ActiveCfg = Debug|Win32
		{8276B909-6BA6-4D52-8EE7-77954FB089D1}.Debug|x86.Build.0 = Debug|Win32
		{8276B909-6BA6-4D52-8EE7-77954FB089D1}.Release|x64.ActiveCfg = Release|x64
		{8276B909-6BA6-4D52-8EE7-77954FB089D1}.Release|x64.Build.0 = Release|x64
		{8276B909-6BA6-4D52-8EE7-77954FB089D1}.Release|x86.ActiveCfg = Release|Win32
		{8276B909-6BA6-4D52-8EE7-77954FB089D1}.Release|x86.Build.0 = Release|Win32
		{DD462FD2-24C3-4B50-B9D9-DCC9D54AFD4A}.Debug|x64.ActiveCfg = Debug|x64
		{DD462FD2-24C3-4B50-B9D9-DCC9D54AFD4A}.Debug|x64.Build.0 = Debug|x64
		{DD462FD2-24C3-4B50-B9D9-DCC9D54AFD4A}.Debug|x86.ActiveCfg = Debug|Win32
		{DD462FD2-24C3-4B50-B9D9-DCC9D54AFD4A}.Debug|x86.Build.0 = Debug|Win32
		{DD462FD2-24C3-4B50-B9D9-DCC9D54AFD4A}.Release|x64.ActiveCfg = Release|x64
		{DD462FD2-24C3-4B50-B9D9-DCC9D54AFD4A}.Release|x64.Build.0 = Release|x64
		{DD462FD2-24C3-4B50-B9D9-DCC9D54AFD4A}.Release|x86.ActiveCfg = Release|Win32
		{DD462FD2-24C3-4B50-B9D9-DCC9D54AFD4A}.Release|x86.Build.0 = Release|Win32
		{263D9F1C-3064-4132-9E7A-BD40D841789A}.Debug|x64.ActiveCfg = Debug|x64
		{263D9F1C-3064-4132-9E7A-BD40D841789A}.Debug|x64.Build.0 = Debug|x64
		{263D9F1C-3064-4132-9E7A-BD40D841789A}.Debug|x86.ActiveCfg = Debug|Win32
		{263D9F1C-3064-4132-9E7A-BD40D841789A}.Debug|x86.Build.0 = Debug|Win32
		{263D9F1C-3064-4132-9E7A-BD40D841789A}.Release|x64.ActiveCfg = Release|x64
		{263D9F1C-3064-4132-9E7A-BD40D841789A}.Release|x64.Build.0 = Release|x64
		{263D9F1C-3064-4132-9E7A-BD40D841789A}.Release|x86.ActiveCfg = Release|Win32
		{263D9F1C-3064-4132-9E7A-BD40D841789A}.Release|x86.Build.0 = Release|Win32
		{694BEEBB-76E7-4A6B-870C-EA02DBDB62F9}.Debug|x64.ActiveCfg = Debug|x64
		{694BEEBB-76E7-4A6B-870C-EA02DBDB62F9}.Debug|x64.Build.0 = Debug|x64
		{694BEEBB-76E7-4A6B-870C-EA02DBDB62F9}.Debug|x86.ActiveCfg = Debug|Win32
		{694BEEBB-76E7-4A6B-870C-EA02DBDB62F9}.Debug|x86.Build.0 = Debug|Win32
		{694BEEBB-76E7-4A6B-870C-EA02DBDB62F9}.Release|x64.ActiveCfg = Release|x64
		{694BEEBB-76E7-4A6B-870C-EA02DBDB62F9}.Release|x64.Build.0 = Release|x64
		{694BEEBB-76E7-4A6B-870C-EA02DBDB62F9}.Release|x86.ActiveCfg = Release|Win32
		{694BEEBB-76E7-4A6B-870C-EA02DBDB62F9}.Release|x86.Build.0 = Release|Win32
	EndGlobalSection
	GlobalSection(SolutionProperties) = preSolution
		HideSolutionNode = FALSE
	EndGlobalSection
	GlobalSection(ExtensibilityGlobals) = postSolution
		SolutionGuid = {CC04B7B0-0C7E-4F1B-AB54-A9DE1110EBBC}
	EndGlobalSection
EndGlobal
